
Microsoft Visual Studio Solution File, Format Version 12.00
# Visual Studio Version 17
VisualStudioVersion = 17.14.36401.2 d17.14
MinimumVisualStudioVersion = 10.0.40219.1
Project("{FAE04EC0-301F-11D3-BF4B-00C04F79EFBC}") = "EmailApp", "EmailApp\EmailApp.csproj", "{DC1DD97C-09F7-4784-897F-C81FC311260C}"
EndProject
Global
	GlobalSection(SolutionConfigurationPlatforms) = preSolution
		Debug|Any CPU = Debug|Any CPU
		Release|Any CPU = Release|Any CPU
	EndGlobalSection
	GlobalSection(ProjectConfigurationPlatforms) = postSolution
		{DC1DD97C-09F7-4784-897F-C81FC311260C}.Debug|Any CPU.ActiveCfg = Debug|Any CPU
		{DC1DD97C-09F7-4784-897F-C81FC311260C}.Debug|Any CPU.Build.0 = Debug|Any CPU
		{DC1DD97C-09F7-4784-897F-C81FC311260C}.Release|Any CPU.ActiveCfg = Release|Any CPU
		{DC1DD97C-09F7-4784-897F-C81FC311260C}.Release|Any CPU.Build.0 = Release|Any CPU
	EndGlobalSection
	GlobalSection(SolutionProperties) = preSolution
		HideSolutionNode = FALSE
	EndGlobalSection
	GlobalSection(ExtensibilityGlobals) = postSolution
		SolutionGuid = {352780A4-ADE8-47A5-8C15-E88CE2AEADB0}
	EndGlobalSection
EndGlobal
